// !$*UTF8*$!
{
	archiveVersion = 1;
	classes = {
	};
	objectVersion = 46;
	objects = {

/* Begin PBXBuildFile section */
		9B0CF3161CBE982B00175659 /* main.m in Sources */ = {isa = PBXBuildFile; fileRef = 9B0CF3151CBE982B00175659 /* main.m */; };
		9B0CF3191CBE982B00175659 /* AppDelegate.m in Sources */ = {isa = PBXBuildFile; fileRef = 9B0CF3181CBE982B00175659 /* AppDelegate.m */; };
		9B0CF31C1CBE982B00175659 /* ViewController.m in Sources */ = {isa = PBXBuildFile; fileRef = 9B0CF31B1CBE982B00175659 /* ViewController.m */; };
		9B0CF31F1CBE982B00175659 /* Main.storyboard in Resources */ = {isa = PBXBuildFile; fileRef = 9B0CF31D1CBE982B00175659 /* Main.storyboard */; };
		9B0CF3211CBE982B00175659 /* Assets.xcassets in Resources */ = {isa = PBXBuildFile; fileRef = 9B0CF3201CBE982B00175659 /* Assets.xcassets */; };
		9B0CF3241CBE982B00175659 /* LaunchScreen.storyboard in Resources */ = {isa = PBXBuildFile; fileRef = 9B0CF3221CBE982B00175659 /* LaunchScreen.storyboard */; };
		9B0CF32F1CBE982B00175659 /* ____Tests.m in Sources */ = {isa = PBXBuildFile; fileRef = 9B0CF32E1CBE982B00175659 /* ____Tests.m */; };
		9B0CF33A1CBE982B00175659 /* ____UITests.m in Sources */ = {isa = PBXBuildFile; fileRef = 9B0CF3391CBE982B00175659 /* ____UITests.m */; };
/* End PBXBuildFile section */

/* Begin PBXContainerItemProxy section */
		9B0CF32B1CBE982B00175659 /* PBXContainerItemProxy */ = {
			isa = PBXContainerItemProxy;
			containerPortal = 9B0CF3091CBE982B00175659 /* Project object */;
			proxyType = 1;
			remoteGlobalIDString = 9B0CF3101CBE982B00175659;
			remoteInfo = "部分圆角";
		};
		9B0CF3361CBE982B00175659 /* PBXContainerItemProxy */ = {
			isa = PBXContainerItemProxy;
			containerPortal = 9B0CF3091CBE982B00175659 /* Project object */;
			proxyType = 1;
			remoteGlobalIDString = 9B0CF3101CBE982B00175659;
			remoteInfo = "部分圆角";
		};
/* End PBXContainerItemProxy section */

/* Begin PBXFileReference section */
		9B0CF3111CBE982B00175659 /* 部分圆角.app */ = {isa = PBXFileReference; explicitFileType = wrapper.application; includeInIndex = 0; path = "部分圆角.app"; sourceTree = BUILT_PRODUCTS_DIR; };
		9B0CF3151CBE982B00175659 /* main.m */ = {isa = PBXFileReference; lastKnownFileType = sourcecode.c.objc; path = main.m; sourceTree = "<group>"; };
		9B0CF3171CBE982B00175659 /* AppDelegate.h */ = {isa = PBXFileReference; lastKnownFileType = sourcecode.c.h; path = AppDelegate.h; sourceTree = "<group>"; };
		9B0CF3181CBE982B00175659 /* AppDelegate.m */ = {isa = PBXFileReference; lastKnownFileType = sourcecode.c.objc; path = AppDelegate.m; sourceTree = "<group>"; };
		9B0CF31A1CBE982B00175659 /* ViewController.h */ = {isa = PBXFileReference; lastKnownFileType = sourcecode.c.h; path = ViewController.h; sourceTree = "<group>"; };
		9B0CF31B1CBE982B00175659 /* ViewController.m */ = {isa = PBXFileReference; lastKnownFileType = sourcecode.c.objc; path = ViewController.m; sourceTree = "<group>"; };
		9B0CF31E1CBE982B00175659 /* Base */ = {isa = PBXFileReference; lastKnownFileType = file.storyboard; name = Base; path = Base.lproj/Main.storyboard; sourceTree = "<group>"; };
		9B0CF3201CBE982B00175659 /* Assets.xcassets */ = {isa = PBXFileReference; lastKnownFileType = folder.assetcatalog; path = Assets.xcassets; sourceTree = "<group>"; };
		9B0CF3231CBE982B00175659 /* Base */ = {isa = PBXFileReference; lastKnownFileType = file.storyboard; name = Base; path = Base.lproj/LaunchScreen.storyboard; sourceTree = "<group>"; };
		9B0CF3251CBE982B00175659 /* Info.plist */ = {isa = PBXFileReference; lastKnownFileType = text.plist.xml; path = Info.plist; sourceTree = "<group>"; };
		9B0CF32A1CBE982B00175659 /* 部分圆角Tests.xctest */ = {isa = PBXFileReference; explicitFileType = wrapper.cfbundle; includeInIndex = 0; path = "部分圆角Tests.xctest"; sourceTree = BUILT_PRODUCTS_DIR; };
		9B0CF32E1CBE982B00175659 /* ____Tests.m */ = {isa = PBXFileReference; lastKnownFileType = sourcecode.c.objc; path = "____Tests.m"; sourceTree = "<group>"; };
		9B0CF3301CBE982B00175659 /* Info.plist */ = {isa = PBXFileReference; lastKnownFileType = text.plist.xml; path = Info.plist; sourceTree = "<group>"; };
		9B0CF3351CBE982B00175659 /* 部分圆角UITests.xctest */ = {isa = PBXFileReference; explicitFileType = wrapper.cfbundle; includeInIndex = 0; path = "部分圆角UITests.xctest"; sourceTree = BUILT_PRODUCTS_DIR; };
		9B0CF3391CBE982B00175659 /* ____UITests.m */ = {isa = PBXFileReference; lastKnownFileType = sourcecode.c.objc; path = "____UITests.m"; sourceTree = "<group>"; };
		9B0CF33B1CBE982B00175659 /* Info.plist */ = {isa = PBXFileReference; lastKnownFileType = text.plist.xml; path = Info.plist; sourceTree = "<group>"; };
/* End PBXFileReference section */

/* Begin PBXFrameworksBuildPhase section */
		9B0CF30E1CBE982B00175659 /* Frameworks */ = {
			isa = PBXFrameworksBuildPhase;
			buildActionMask = 2147483647;
			files = (
			);
			runOnlyForDeploymentPostprocessing = 0;
		};
		9B0CF3271CBE982B00175659 /* Frameworks */ = {
			isa = PBXFrameworksBuildPhase;
			buildActionMask = 2147483647;
			files = (
			);
			runOnlyForDeploymentPostprocessing = 0;
		};
		9B0CF3321CBE982B00175659 /* Frameworks */ = {
			isa = PBXFrameworksBuildPhase;
			buildActionMask = 2147483647;
			files = (
			);
			runOnlyForDeploymentPostprocessing = 0;
		};
/* End PBXFrameworksBuildPhase section */

/* Begin PBXGroup section */
		9B0CF3081CBE982B00175659 = {
			isa = PBXGroup;
			children = (
				9B0CF3131CBE982B00175659 /* 部分圆角 */,
				9B0CF32D1CBE982B00175659 /* 部分圆角Tests */,
				9B0CF3381CBE982B00175659 /* 部分圆角UITests */,
				9B0CF3121CBE982B00175659 /* Products */,
			);
			sourceTree = "<group>";
		};
		9B0CF3121CBE982B00175659 /* Products */ = {
			isa = PBXGroup;
			children = (
				9B0CF3111CBE982B00175659 /* 部分圆角.app */,
				9B0CF32A1CBE982B00175659 /* 部分圆角Tests.xctest */,
				9B0CF3351CBE982B00175659 /* 部分圆角UITests.xctest */,
			);
			name = Products;
			sourceTree = "<group>";
		};
		9B0CF3131CBE982B00175659 /* 部分圆角 */ = {
			isa = PBXGroup;
			children = (
				9B0CF3171CBE982B00175659 /* AppDelegate.h */,
				9B0CF3181CBE982B00175659 /* AppDelegate.m */,
				9B0CF31A1CBE982B00175659 /* ViewController.h */,
				9B0CF31B1CBE982B00175659 /* ViewController.m */,
				9B0CF31D1CBE982B00175659 /* Main.storyboard */,
				9B0CF3201CBE982B00175659 /* Assets.xcassets */,
				9B0CF3221CBE982B00175659 /* LaunchScreen.storyboard */,
				9B0CF3251CBE982B00175659 /* Info.plist */,
				9B0CF3141CBE982B00175659 /* Supporting Files */,
			);
			path = "部分圆角";
			sourceTree = "<group>";
		};
		9B0CF3141CBE982B00175659 /* Supporting Files */ = {
			isa = PBXGroup;
			children = (
				9B0CF3151CBE982B00175659 /* main.m */,
			);
			name = "Supporting Files";
			sourceTree = "<group>";
		};
		9B0CF32D1CBE982B00175659 /* 部分圆角Tests */ = {
			isa = PBXGroup;
			children = (
				9B0CF32E1CBE982B00175659 /* ____Tests.m */,
				9B0CF3301CBE982B00175659 /* Info.plist */,
			);
			path = "部分圆角Tests";
			sourceTree = "<group>";
		};
		9B0CF3381CBE982B00175659 /* 部分圆角UITests */ = {
			isa = PBXGroup;
			children = (
				9B0CF3391CBE982B00175659 /* ____UITests.m */,
				9B0CF33B1CBE982B00175659 /* Info.plist */,
			);
			path = "部分圆角UITests";
			sourceTree = "<group>";
		};
/* End PBXGroup section */

/* Begin PBXNativeTarget section */
		9B0CF3101CBE982B00175659 /* 部分圆角 */ = {
			isa = PBXNativeTarget;
			buildConfigurationList = 9B0CF33E1CBE982B00175659 /* Build configuration list for PBXNativeTarget "部分圆角" */;
			buildPhases = (
				9B0CF30D1CBE982B00175659 /* Sources */,
				9B0CF30E1CBE982B00175659 /* Frameworks */,
				9B0CF30F1CBE982B00175659 /* Resources */,
			);
			buildRules = (
			);
			dependencies = (
			);
			name = "部分圆角";
			productName = "部分圆角";
			productReference = 9B0CF3111CBE982B00175659 /* 部分圆角.app */;
			productType = "com.apple.product-type.application";
		};
		9B0CF3291CBE982B00175659 /* 部分圆角Tests */ = {
			isa = PBXNativeTarget;
			buildConfigurationList = 9B0CF3411CBE982B00175659 /* Build configuration list for PBXNativeTarget "部分圆角Tests" */;
			buildPhases = (
				9B0CF3261CBE982B00175659 /* Sources */,
				9B0CF3271CBE982B00175659 /* Frameworks */,
				9B0CF3281CBE982B00175659 /* Resources */,
			);
			buildRules = (
			);
			dependencies = (
				9B0CF32C1CBE982B00175659 /* PBXTargetDependency */,
			);
			name = "部分圆角Tests";
			productName = "部分圆角Tests";
			productReference = 9B0CF32A1CBE982B00175659 /* 部分圆角Tests.xctest */;
			productType = "com.apple.product-type.bundle.unit-test";
		};
		9B0CF3341CBE982B00175659 /* 部分圆角UITests */ = {
			isa = PBXNativeTarget;
			buildConfigurationList = 9B0CF3441CBE982B00175659 /* Build configuration list for PBXNativeTarget "部分圆角UITests" */;
			buildPhases = (
				9B0CF3311CBE982B00175659 /* Sources */,
				9B0CF3321CBE982B00175659 /* Frameworks */,
				9B0CF3331CBE982B00175659 /* Resources */,
			);
			buildRules = (
			);
			dependencies = (
				9B0CF3371CBE982B00175659 /* PBXTargetDependency */,
			);
			name = "部分圆角UITests";
			productName = "部分圆角UITests";
			productReference = 9B0CF3351CBE982B00175659 /* 部分圆角UITests.xctest */;
			productType = "com.apple.product-type.bundle.ui-testing";
		};
/* End PBXNativeTarget section */

/* Begin PBXProject section */
		9B0CF3091CBE982B00175659 /* Project object */ = {
			isa = PBXProject;
			attributes = {
				LastUpgradeCheck = 0720;
				ORGANIZATIONNAME = Handlecar;
				TargetAttributes = {
					9B0CF3101CBE982B00175659 = {
						CreatedOnToolsVersion = 7.2.1;
					};
					9B0CF3291CBE982B00175659 = {
						CreatedOnToolsVersion = 7.2.1;
						TestTargetID = 9B0CF3101CBE982B00175659;
					};
					9B0CF3341CBE982B00175659 = {
						CreatedOnToolsVersion = 7.2.1;
						TestTargetID = 9B0CF3101CBE982B00175659;
					};
				};
			};
			buildConfigurationList = 9B0CF30C1CBE982B00175659 /* Build configuration list for PBXProject "部分圆角" */;
			compatibilityVersion = "Xcode 3.2";
			developmentRegion = English;
			hasScannedForEncodings = 0;
			knownRegions = (
				en,
				Base,
			);
			mainGroup = 9B0CF3081CBE982B00175659;
			productRefGroup = 9B0CF3121CBE982B00175659 /* Products */;
			projectDirPath = "";
			projectRoot = "";
			targets = (
				9B0CF3101CBE982B00175659 /* 部分圆角 */,
				9B0CF3291CBE982B00175659 /* 部分圆角Tests */,
				9B0CF3341CBE982B00175659 /* 部分圆角UITests */,
			);
		};
/* End PBXProject section */

/* Begin PBXResourcesBuildPhase section */
		9B0CF30F1CBE982B00175659 /* Resources */ = {
			isa = PBXResourcesBuildPhase;
			buildActionMask = 2147483647;
			files = (
				9B0CF3241CBE982B00175659 /* LaunchScreen.storyboard in Resources */,
				9B0CF3211CBE982B00175659 /* Assets.xcassets in Resources */,
				9B0CF31F1CBE982B00175659 /* Main.storyboard in Resources */,
			);
			runOnlyForDeploymentPostprocessing = 0;
		};
		9B0CF3281CBE982B00175659 /* Resources */ = {
			isa = PBXResourcesBuildPhase;
			buildActionMask = 2147483647;
			files = (
			);
			runOnlyForDeploymentPostprocessing = 0;
		};
		9B0CF3331CBE982B00175659 /* Resources */ = {
			isa = PBXResourcesBuildPhase;
			buildActionMask = 2147483647;
			files = (
			);
			runOnlyForDeploymentPostprocessing = 0;
		};
/* End PBXResourcesBuildPhase section */

/* Begin PBXSourcesBuildPhase section */
		9B0CF30D1CBE982B00175659 /* Sources */ = {
			isa = PBXSourcesBuildPhase;
			buildActionMask = 2147483647;
			files = (
				9B0CF31C1CBE982B00175659 /* ViewController.m in Sources */,
				9B0CF3191CBE982B00175659 /* AppDelegate.m in Sources */,
				9B0CF3161CBE982B00175659 /* main.m in Sources */,
			);
			runOnlyForDeploymentPostprocessing = 0;
		};
		9B0CF3261CBE982B00175659 /* Sources */ = {
			isa = PBXSourcesBuildPhase;
			buildActionMask = 2147483647;
			files = (
				9B0CF32F1CBE982B00175659 /* ____Tests.m in Sources */,
			);
			runOnlyForDeploymentPostprocessing = 0;
		};
		9B0CF3311CBE982B00175659 /* Sources */ = {
			isa = PBXSourcesBuildPhase;
			buildActionMask = 2147483647;
			files = (
				9B0CF33A1CBE982B00175659 /* ____UITests.m in Sources */,
			);
			runOnlyForDeploymentPostprocessing = 0;
		};
/* End PBXSourcesBuildPhase section */

/* Begin PBXTargetDependency section */
		9B0CF32C1CBE982B00175659 /* PBXTargetDependency */ = {
			isa = PBXTargetDependency;
			target = 9B0CF3101CBE982B00175659 /* 部分圆角 */;
			targetProxy = 9B0CF32B1CBE982B00175659 /* PBXContainerItemProxy */;
		};
		9B0CF3371CBE982B00175659 /* PBXTargetDependency */ = {
			isa = PBXTargetDependency;
			target = 9B0CF3101CBE982B00175659 /* 部分圆角 */;
			targetProxy = 9B0CF3361CBE982B00175659 /* PBXContainerItemProxy */;
		};
/* End PBXTargetDependency section */

/* Begin PBXVariantGroup section */
		9B0CF31D1CBE982B00175659 /* Main.storyboard */ = {
			isa = PBXVariantGroup;
			children = (
				9B0CF31E1CBE982B00175659 /* Base */,
			);
			name = Main.storyboard;
			sourceTree = "<group>";
		};
		9B0CF3221CBE982B00175659 /* LaunchScreen.storyboard */ = {
			isa = PBXVariantGroup;
			children = (
				9B0CF3231CBE982B00175659 /* Base */,
			);
			name = LaunchScreen.storyboard;
			sourceTree = "<group>";
		};
/* End PBXVariantGroup section */

/* Begin XCBuildConfiguration section */
		9B0CF33C1CBE982B00175659 /* Debug */ = {
			isa = XCBuildConfiguration;
			buildSettings = {
				ALWAYS_SEARCH_USER_PATHS = NO;
				CLANG_CXX_LANGUAGE_STANDARD = "gnu++0x";
				CLANG_CXX_LIBRARY = "libc++";
				CLANG_ENABLE_MODULES = YES;
				CLANG_ENABLE_OBJC_ARC = YES;
				CLANG_WARN_BOOL_CONVERSION = YES;
				CLANG_WARN_CONSTANT_CONVERSION = YES;
				CLANG_WARN_DIRECT_OBJC_ISA_USAGE = YES_ERROR;
				CLANG_WARN_EMPTY_BODY = YES;
				CLANG_WARN_ENUM_CONVERSION = YES;
				CLANG_WARN_INT_CONVERSION = YES;
				CLANG_WARN_OBJC_ROOT_CLASS = YES_ERROR;
				CLANG_WARN_UNREACHABLE_CODE = YES;
				CLANG_WARN__DUPLICATE_METHOD_MATCH = YES;
				"CODE_SIGN_IDENTITY[sdk=iphoneos*]" = "iPhone Developer";
				COPY_PHASE_STRIP = NO;
				DEBUG_INFORMATION_FORMAT = dwarf;
				ENABLE_STRICT_OBJC_MSGSEND = YES;
				ENABLE_TESTABILITY = YES;
				GCC_C_LANGUAGE_STANDARD = gnu99;
				GCC_DYNAMIC_NO_PIC = NO;
				GCC_NO_COMMON_BLOCKS = YES;
				GCC_OPTIMIZATION_LEVEL = 0;
				GCC_PREPROCESSOR_DEFINITIONS = (
					"DEBUG=1",
					"$(inherited)",
				);
				GCC_WARN_64_TO_32_BIT_CONVERSION = YES;
				GCC_WARN_ABOUT_RETURN_TYPE = YES_ERROR;
				GCC_WARN_UNDECLARED_SELECTOR = YES;
				GCC_WARN_UNINITIALIZED_AUTOS = YES_AGGRESSIVE;
				GCC_WARN_UNUSED_FUNCTION = YES;
				GCC_WARN_UNUSED_VARIABLE = YES;
				IPHONEOS_DEPLOYMENT_TARGET = 9.2;
				MTL_ENABLE_DEBUG_INFO = YES;
				ONLY_ACTIVE_ARCH = YES;
				SDKROOT = iphoneos;
				TARGETED_DEVICE_FAMILY = "1,2";
			};
			name = Debug;
		};
		9B0CF33D1CBE982B00175659 /* Release */ = {
			isa = XCBuildConfiguration;
			buildSettings = {
				ALWAYS_SEARCH_USER_PATHS = NO;
				CLANG_CXX_LANGUAGE_STANDARD = "gnu++0x";
				CLANG_CXX_LIBRARY = "libc++";
				CLANG_ENABLE_MODULES = YES;
				CLANG_ENABLE_OBJC_ARC = YES;
				CLANG_WARN_BOOL_CONVERSION = YES;
				CLANG_WARN_CONSTANT_CONVERSION = YES;
				CLANG_WARN_DIRECT_OBJC_ISA_USAGE = YES_ERROR;
				CLANG_WARN_EMPTY_BODY = YES;
				CLANG_WARN_ENUM_CONVERSION = YES;
				CLANG_WARN_INT_CONVERSION = YES;
				CLANG_WARN_OBJC_ROOT_CLASS = YES_ERROR;
				CLANG_WARN_UNREACHABLE_CODE = YES;
				CLANG_WARN__DUPLICATE_METHOD_MATCH = YES;
				"CODE_SIGN_IDENTITY[sdk=iphoneos*]" = "iPhone Developer";
				COPY_PHASE_STRIP = NO;
				DEBUG_INFORMATION_FORMAT = "dwarf-with-dsym";
				ENABLE_NS_ASSERTIONS = NO;
				ENABLE_STRICT_OBJC_MSGSEND = YES;
				GCC_C_LANGUAGE_STANDARD = gnu99;
				GCC_NO_COMMON_BLOCKS = YES;
				GCC_WARN_64_TO_32_BIT_CONVERSION = YES;
				GCC_WARN_ABOUT_RETURN_TYPE = YES_ERROR;
				GCC_WARN_UNDECLARED_SELECTOR = YES;
				GCC_WARN_UNINITIALIZED_AUTOS = YES_AGGRESSIVE;
				GCC_WARN_UNUSED_FUNCTION = YES;
				GCC_WARN_UNUSED_VARIABLE = YES;
				IPHONEOS_DEPLOYMENT_TARGET = 9.2;
				MTL_ENABLE_DEBUG_INFO = NO;
				SDKROOT = iphoneos;
				TARGETED_DEVICE_FAMILY = "1,2";
				VALIDATE_PRODUCT = YES;
			};
			name = Release;
		};
		9B0CF33F1CBE982B00175659 /* Debug */ = {
			isa = XCBuildConfiguration;
			buildSettings = {
				ASSETCATALOG_COMPILER_APPICON_NAME = AppIcon;
				INFOPLIST_FILE = "部分圆角/Info.plist";
				LD_RUNPATH_SEARCH_PATHS = "$(inherited) @executable_path/Frameworks";
				PRODUCT_BUNDLE_IDENTIFIER = "handlecar.----";
				PRODUCT_NAME = "$(TARGET_NAME)";
			};
			name = Debug;
		};
		9B0CF3401CBE982B00175659 /* Release */ = {
			isa = XCBuildConfiguration;
			buildSettings = {
				ASSETCATALOG_COMPILER_APPICON_NAME = AppIcon;
				INFOPLIST_FILE = "部分圆角/Info.plist";
				LD_RUNPATH_SEARCH_PATHS = "$(inherited) @executable_path/Frameworks";
				PRODUCT_BUNDLE_IDENTIFIER = "handlecar.----";
				PRODUCT_NAME = "$(TARGET_NAME)";
			};
			name = Release;
		};
		9B0CF3421CBE982B00175659 /* Debug */ = {
			isa = XCBuildConfiguration;
			buildSettings = {
				BUNDLE_LOADER = "$(TEST_HOST)";
				INFOPLIST_FILE = "部分圆角Tests/Info.plist";
				LD_RUNPATH_SEARCH_PATHS = "$(inherited) @executable_path/Frameworks @loader_path/Frameworks";
				PRODUCT_BUNDLE_IDENTIFIER = "handlecar.----Tests";
				PRODUCT_NAME = "$(TARGET_NAME)";
				TEST_HOST = "$(BUILT_PRODUCTS_DIR)/部分圆角.app/部分圆角";
			};
			name = Debug;
		};
		9B0CF3431CBE982B00175659 /* Release */ = {
			isa = XCBuildConfiguration;
			buildSettings = {
				BUNDLE_LOADER = "$(TEST_HOST)";
				INFOPLIST_FILE = "部分圆角Tests/Info.plist";
				LD_RUNPATH_SEARCH_PATHS = "$(inherited) @executable_path/Frameworks @loader_path/Frameworks";
				PRODUCT_BUNDLE_IDENTIFIER = "handlecar.----Tests";
				PRODUCT_NAME = "$(TARGET_NAME)";
				TEST_HOST = "$(BUILT_PRODUCTS_DIR)/部分圆角.app/部分圆角";
			};
			name = Release;
		};
		9B0CF3451CBE982B00175659 /* Debug */ = {
			isa = XCBuildConfiguration;
			buildSettings = {
				INFOPLIST_FILE = "部分圆角UITests/Info.plist";
				LD_RUNPATH_SEARCH_PATHS = "$(inherited) @executable_path/Frameworks @loader_path/Frameworks";
				PRODUCT_BUNDLE_IDENTIFIER = "handlecar.----UITests";
				PRODUCT_NAME = "$(TARGET_NAME)";
				TEST_TARGET_NAME = "部分圆角";
				USES_XCTRUNNER = YES;
			};
			name = Debug;
		};
		9B0CF3461CBE982B00175659 /* Release */ = {
			isa = XCBuildConfiguration;
			buildSettings = {
				INFOPLIST_FILE = "部分圆角UITests/Info.plist";
				LD_RUNPATH_SEARCH_PATHS = "$(inherited) @executable_path/Frameworks @loader_path/Frameworks";
				PRODUCT_BUNDLE_IDENTIFIER = "handlecar.----UITests";
				PRODUCT_NAME = "$(TARGET_NAME)";
				TEST_TARGET_NAME = "部分圆角";
				USES_XCTRUNNER = YES;
			};
			name = Release;
		};
/* End XCBuildConfiguration section */

/* Begin XCConfigurationList section */
		9B0CF30C1CBE982B00175659 /* Build configuration list for PBXProject "部分圆角" */ = {
			isa = XCConfigurationList;
			buildConfigurations = (
				9B0CF33C1CBE982B00175659 /* Debug */,
				9B0CF33D1CBE982B00175659 /* Release */,
			);
			defaultConfigurationIsVisible = 0;
			defaultConfigurationName = Release;
		};
		9B0CF33E1CBE982B00175659 /* Build configuration list for PBXNativeTarget "部分圆角" */ = {
			isa = XCConfigurationList;
			buildConfigurations = (
				9B0CF33F1CBE982B00175659 /* Debug */,
				9B0CF3401CBE982B00175659 /* Release */,
			);
			defaultConfigurationIsVisible = 0;
		};
		9B0CF3411CBE982B00175659 /* Build configuration list for PBXNativeTarget "部分圆角Tests" */ = {
			isa = XCConfigurationList;
			buildConfigurations = (
				9B0CF3421CBE982B00175659 /* Debug */,
				9B0CF3431CBE982B00175659 /* Release */,
			);
			defaultConfigurationIsVisible = 0;
		};
		9B0CF3441CBE982B00175659 /* Build configuration list for PBXNativeTarget "部分圆角UITests" */ = {
			isa = XCConfigurationList;
			buildConfigurations = (
				9B0CF3451CBE982B00175659 /* Debug */,
				9B0CF3461CBE982B00175659 /* Release */,
			);
			defaultConfigurationIsVisible = 0;
		};
/* End XCConfigurationList section */
	};
	rootObject = 9B0CF3091CBE982B00175659 /* Project object */;
}
