// !$*UTF8*$!
{
	archiveVersion = 1;
	classes = {
	};
	objectVersion = 46;
	objects = {

/* Begin PBXBuildFile section */
		9B94F08C1E6677230043F091 /* main.m in Sources */ = {isa = PBXBuildFile; fileRef = 9B94F08B1E6677230043F091 /* main.m */; };
		9B94F08F1E6677230043F091 /* AppDelegate.m in Sources */ = {isa = PBXBuildFile; fileRef = 9B94F08E1E6677230043F091 /* AppDelegate.m */; };
		9B94F0921E6677230043F091 /* ViewController.m in Sources */ = {isa = PBXBuildFile; fileRef = 9B94F0911E6677230043F091 /* ViewController.m */; };
		9B94F0951E6677230043F091 /* Main.storyboard in Resources */ = {isa = PBXBuildFile; fileRef = 9B94F0931E6677230043F091 /* Main.storyboard */; };
		9B94F0971E6677230043F091 /* Assets.xcassets in Resources */ = {isa = PBXBuildFile; fileRef = 9B94F0961E6677230043F091 /* Assets.xcassets */; };
		9B94F09A1E6677230043F091 /* LaunchScreen.storyboard in Resources */ = {isa = PBXBuildFile; fileRef = 9B94F0981E6677230043F091 /* LaunchScreen.storyboard */; };
		9B94F0A51E6677230043F091 /* performanceTestTests.m in Sources */ = {isa = PBXBuildFile; fileRef = 9B94F0A41E6677230043F091 /* performanceTestTests.m */; };
		9B94F0B01E6677230043F091 /* performanceTestUITests.m in Sources */ = {isa = PBXBuildFile; fileRef = 9B94F0AF1E6677230043F091 /* performanceTestUITests.m */; };
/* End PBXBuildFile section */

/* Begin PBXContainerItemProxy section */
		9B94F0A11E6677230043F091 /* PBXContainerItemProxy */ = {
			isa = PBXContainerItemProxy;
			containerPortal = 9B94F07F1E6677220043F091 /* Project object */;
			proxyType = 1;
			remoteGlobalIDString = 9B94F0861E6677220043F091;
			remoteInfo = performanceTest;
		};
		9B94F0AC1E6677230043F091 /* PBXContainerItemProxy */ = {
			isa = PBXContainerItemProxy;
			containerPortal = 9B94F07F1E6677220043F091 /* Project object */;
			proxyType = 1;
			remoteGlobalIDString = 9B94F0861E6677220043F091;
			remoteInfo = performanceTest;
		};
/* End PBXContainerItemProxy section */

/* Begin PBXFileReference section */
		9B94F0871E6677230043F091 /* performanceTest.app */ = {isa = PBXFileReference; explicitFileType = wrapper.application; includeInIndex = 0; path = performanceTest.app; sourceTree = BUILT_PRODUCTS_DIR; };
		9B94F08B1E6677230043F091 /* main.m */ = {isa = PBXFileReference; lastKnownFileType = sourcecode.c.objc; path = main.m; sourceTree = "<group>"; };
		9B94F08D1E6677230043F091 /* AppDelegate.h */ = {isa = PBXFileReference; lastKnownFileType = sourcecode.c.h; path = AppDelegate.h; sourceTree = "<group>"; };
		9B94F08E1E6677230043F091 /* AppDelegate.m */ = {isa = PBXFileReference; lastKnownFileType = sourcecode.c.objc; path = AppDelegate.m; sourceTree = "<group>"; };
		9B94F0901E6677230043F091 /* ViewController.h */ = {isa = PBXFileReference; lastKnownFileType = sourcecode.c.h; path = ViewController.h; sourceTree = "<group>"; };
		9B94F0911E6677230043F091 /* ViewController.m */ = {isa = PBXFileReference; lastKnownFileType = sourcecode.c.objc; path = ViewController.m; sourceTree = "<group>"; };
		9B94F0941E6677230043F091 /* Base */ = {isa = PBXFileReference; lastKnownFileType = file.storyboard; name = Base; path = Base.lproj/Main.storyboard; sourceTree = "<group>"; };
		9B94F0961E6677230043F091 /* Assets.xcassets */ = {isa = PBXFileReference; lastKnownFileType = folder.assetcatalog; path = Assets.xcassets; sourceTree = "<group>"; };
		9B94F0991E6677230043F091 /* Base */ = {isa = PBXFileReference; lastKnownFileType = file.storyboard; name = Base; path = Base.lproj/LaunchScreen.storyboard; sourceTree = "<group>"; };
		9B94F09B1E6677230043F091 /* Info.plist */ = {isa = PBXFileReference; lastKnownFileType = text.plist.xml; path = Info.plist; sourceTree = "<group>"; };
		9B94F0A01E6677230043F091 /* performanceTestTests.xctest */ = {isa = PBXFileReference; explicitFileType = wrapper.cfbundle; includeInIndex = 0; path = performanceTestTests.xctest; sourceTree = BUILT_PRODUCTS_DIR; };
		9B94F0A41E6677230043F091 /* performanceTestTests.m */ = {isa = PBXFileReference; lastKnownFileType = sourcecode.c.objc; path = performanceTestTests.m; sourceTree = "<group>"; };
		9B94F0A61E6677230043F091 /* Info.plist */ = {isa = PBXFileReference; lastKnownFileType = text.plist.xml; path = Info.plist; sourceTree = "<group>"; };
		9B94F0AB1E6677230043F091 /* performanceTestUITests.xctest */ = {isa = PBXFileReference; explicitFileType = wrapper.cfbundle; includeInIndex = 0; path = performanceTestUITests.xctest; sourceTree = BUILT_PRODUCTS_DIR; };
		9B94F0AF1E6677230043F091 /* performanceTestUITests.m */ = {isa = PBXFileReference; lastKnownFileType = sourcecode.c.objc; path = performanceTestUITests.m; sourceTree = "<group>"; };
		9B94F0B11E6677230043F091 /* Info.plist */ = {isa = PBXFileReference; lastKnownFileType = text.plist.xml; path = Info.plist; sourceTree = "<group>"; };
/* End PBXFileReference section */

/* Begin PBXFrameworksBuildPhase section */
		9B94F0841E6677220043F091 /* Frameworks */ = {
			isa = PBXFrameworksBuildPhase;
			buildActionMask = 2147483647;
			files = (
			);
			runOnlyForDeploymentPostprocessing = 0;
		};
		9B94F09D1E6677230043F091 /* Frameworks */ = {
			isa = PBXFrameworksBuildPhase;
			buildActionMask = 2147483647;
			files = (
			);
			runOnlyForDeploymentPostprocessing = 0;
		};
		9B94F0A81E6677230043F091 /* Frameworks */ = {
			isa = PBXFrameworksBuildPhase;
			buildActionMask = 2147483647;
			files = (
			);
			runOnlyForDeploymentPostprocessing = 0;
		};
/* End PBXFrameworksBuildPhase section */

/* Begin PBXGroup section */
		9B94F07E1E6677210043F091 = {
			isa = PBXGroup;
			children = (
				9B94F0891E6677230043F091 /* performanceTest */,
				9B94F0A31E6677230043F091 /* performanceTestTests */,
				9B94F0AE1E6677230043F091 /* performanceTestUITests */,
				9B94F0881E6677230043F091 /* Products */,
			);
			sourceTree = "<group>";
		};
		9B94F0881E6677230043F091 /* Products */ = {
			isa = PBXGroup;
			children = (
				9B94F0871E6677230043F091 /* performanceTest.app */,
				9B94F0A01E6677230043F091 /* performanceTestTests.xctest */,
				9B94F0AB1E6677230043F091 /* performanceTestUITests.xctest */,
			);
			name = Products;
			sourceTree = "<group>";
		};
		9B94F0891E6677230043F091 /* performanceTest */ = {
			isa = PBXGroup;
			children = (
				9B94F08D1E6677230043F091 /* AppDelegate.h */,
				9B94F08E1E6677230043F091 /* AppDelegate.m */,
				9B94F0901E6677230043F091 /* ViewController.h */,
				9B94F0911E6677230043F091 /* ViewController.m */,
				9B94F0931E6677230043F091 /* Main.storyboard */,
				9B94F0961E6677230043F091 /* Assets.xcassets */,
				9B94F0981E6677230043F091 /* LaunchScreen.storyboard */,
				9B94F09B1E6677230043F091 /* Info.plist */,
				9B94F08A1E6677230043F091 /* Supporting Files */,
			);
			path = performanceTest;
			sourceTree = "<group>";
		};
		9B94F08A1E6677230043F091 /* Supporting Files */ = {
			isa = PBXGroup;
			children = (
				9B94F08B1E6677230043F091 /* main.m */,
			);
			name = "Supporting Files";
			sourceTree = "<group>";
		};
		9B94F0A31E6677230043F091 /* performanceTestTests */ = {
			isa = PBXGroup;
			children = (
				9B94F0A41E6677230043F091 /* performanceTestTests.m */,
				9B94F0A61E6677230043F091 /* Info.plist */,
			);
			path = performanceTestTests;
			sourceTree = "<group>";
		};
		9B94F0AE1E6677230043F091 /* performanceTestUITests */ = {
			isa = PBXGroup;
			children = (
				9B94F0AF1E6677230043F091 /* performanceTestUITests.m */,
				9B94F0B11E6677230043F091 /* Info.plist */,
			);
			path = performanceTestUITests;
			sourceTree = "<group>";
		};
/* End PBXGroup section */

/* Begin PBXNativeTarget section */
		9B94F0861E6677220043F091 /* performanceTest */ = {
			isa = PBXNativeTarget;
			buildConfigurationList = 9B94F0B41E6677230043F091 /* Build configuration list for PBXNativeTarget "performanceTest" */;
			buildPhases = (
				9B94F0831E6677220043F091 /* Sources */,
				9B94F0841E6677220043F091 /* Frameworks */,
				9B94F0851E6677220043F091 /* Resources */,
			);
			buildRules = (
			);
			dependencies = (
			);
			name = performanceTest;
			productName = performanceTest;
			productReference = 9B94F0871E6677230043F091 /* performanceTest.app */;
			productType = "com.apple.product-type.application";
		};
		9B94F09F1E6677230043F091 /* performanceTestTests */ = {
			isa = PBXNativeTarget;
			buildConfigurationList = 9B94F0B71E6677230043F091 /* Build configuration list for PBXNativeTarget "performanceTestTests" */;
			buildPhases = (
				9B94F09C1E6677230043F091 /* Sources */,
				9B94F09D1E6677230043F091 /* Frameworks */,
				9B94F09E1E6677230043F091 /* Resources */,
			);
			buildRules = (
			);
			dependencies = (
				9B94F0A21E6677230043F091 /* PBXTargetDependency */,
			);
			name = performanceTestTests;
			productName = performanceTestTests;
			productReference = 9B94F0A01E6677230043F091 /* performanceTestTests.xctest */;
			productType = "com.apple.product-type.bundle.unit-test";
		};
		9B94F0AA1E6677230043F091 /* performanceTestUITests */ = {
			isa = PBXNativeTarget;
			buildConfigurationList = 9B94F0BA1E6677230043F091 /* Build configuration list for PBXNativeTarget "performanceTestUITests" */;
			buildPhases = (
				9B94F0A71E6677230043F091 /* Sources */,
				9B94F0A81E6677230043F091 /* Frameworks */,
				9B94F0A91E6677230043F091 /* Resources */,
			);
			buildRules = (
			);
			dependencies = (
				9B94F0AD1E6677230043F091 /* PBXTargetDependency */,
			);
			name = performanceTestUITests;
			productName = performanceTestUITests;
			productReference = 9B94F0AB1E6677230043F091 /* performanceTestUITests.xctest */;
			productType = "com.apple.product-type.bundle.ui-testing";
		};
/* End PBXNativeTarget section */

/* Begin PBXProject section */
		9B94F07F1E6677220043F091 /* Project object */ = {
			isa = PBXProject;
			attributes = {
				LastUpgradeCheck = 0820;
				ORGANIZATIONNAME = handlecar;
				TargetAttributes = {
					9B94F0861E6677220043F091 = {
						CreatedOnToolsVersion = 8.2.1;
						DevelopmentTeam = 7G496US846;
						ProvisioningStyle = Automatic;
					};
					9B94F09F1E6677230043F091 = {
						CreatedOnToolsVersion = 8.2.1;
						DevelopmentTeam = 7G496US846;
						ProvisioningStyle = Automatic;
						TestTargetID = 9B94F0861E6677220043F091;
					};
					9B94F0AA1E6677230043F091 = {
						CreatedOnToolsVersion = 8.2.1;
						DevelopmentTeam = 7G496US846;
						ProvisioningStyle = Automatic;
						TestTargetID = 9B94F0861E6677220043F091;
					};
				};
			};
			buildConfigurationList = 9B94F0821E6677220043F091 /* Build configuration list for PBXProject "performanceTest" */;
			compatibilityVersion = "Xcode 3.2";
			developmentRegion = English;
			hasScannedForEncodings = 0;
			knownRegions = (
				en,
				Base,
			);
			mainGroup = 9B94F07E1E6677210043F091;
			productRefGroup = 9B94F0881E6677230043F091 /* Products */;
			projectDirPath = "";
			projectRoot = "";
			targets = (
				9B94F0861E6677220043F091 /* performanceTest */,
				9B94F09F1E6677230043F091 /* performanceTestTests */,
				9B94F0AA1E6677230043F091 /* performanceTestUITests */,
			);
		};
/* End PBXProject section */

/* Begin PBXResourcesBuildPhase section */
		9B94F0851E6677220043F091 /* Resources */ = {
			isa = PBXResourcesBuildPhase;
			buildActionMask = 2147483647;
			files = (
				9B94F09A1E6677230043F091 /* LaunchScreen.storyboard in Resources */,
				9B94F0971E6677230043F091 /* Assets.xcassets in Resources */,
				9B94F0951E6677230043F091 /* Main.storyboard in Resources */,
			);
			runOnlyForDeploymentPostprocessing = 0;
		};
		9B94F09E1E6677230043F091 /* Resources */ = {
			isa = PBXResourcesBuildPhase;
			buildActionMask = 2147483647;
			files = (
			);
			runOnlyForDeploymentPostprocessing = 0;
		};
		9B94F0A91E6677230043F091 /* Resources */ = {
			isa = PBXResourcesBuildPhase;
			buildActionMask = 2147483647;
			files = (
			);
			runOnlyForDeploymentPostprocessing = 0;
		};
/* End PBXResourcesBuildPhase section */

/* Begin PBXSourcesBuildPhase section */
		9B94F0831E6677220043F091 /* Sources */ = {
			isa = PBXSourcesBuildPhase;
			buildActionMask = 2147483647;
			files = (
				9B94F0921E6677230043F091 /* ViewController.m in Sources */,
				9B94F08F1E6677230043F091 /* AppDelegate.m in Sources */,
				9B94F08C1E6677230043F091 /* main.m in Sources */,
			);
			runOnlyForDeploymentPostprocessing = 0;
		};
		9B94F09C1E6677230043F091 /* Sources */ = {
			isa = PBXSourcesBuildPhase;
			buildActionMask = 2147483647;
			files = (
				9B94F0A51E6677230043F091 /* performanceTestTests.m in Sources */,
			);
			runOnlyForDeploymentPostprocessing = 0;
		};
		9B94F0A71E6677230043F091 /* Sources */ = {
			isa = PBXSourcesBuildPhase;
			buildActionMask = 2147483647;
			files = (
				9B94F0B01E6677230043F091 /* performanceTestUITests.m in Sources */,
			);
			runOnlyForDeploymentPostprocessing = 0;
		};
/* End PBXSourcesBuildPhase section */

/* Begin PBXTargetDependency section */
		9B94F0A21E6677230043F091 /* PBXTargetDependency */ = {
			isa = PBXTargetDependency;
			target = 9B94F0861E6677220043F091 /* performanceTest */;
			targetProxy = 9B94F0A11E6677230043F091 /* PBXContainerItemProxy */;
		};
		9B94F0AD1E6677230043F091 /* PBXTargetDependency */ = {
			isa = PBXTargetDependency;
			target = 9B94F0861E6677220043F091 /* performanceTest */;
			targetProxy = 9B94F0AC1E6677230043F091 /* PBXContainerItemProxy */;
		};
/* End PBXTargetDependency section */

/* Begin PBXVariantGroup section */
		9B94F0931E6677230043F091 /* Main.storyboard */ = {
			isa = PBXVariantGroup;
			children = (
				9B94F0941E6677230043F091 /* Base */,
			);
			name = Main.storyboard;
			sourceTree = "<group>";
		};
		9B94F0981E6677230043F091 /* LaunchScreen.storyboard */ = {
			isa = PBXVariantGroup;
			children = (
				9B94F0991E6677230043F091 /* Base */,
			);
			name = LaunchScreen.storyboard;
			sourceTree = "<group>";
		};
/* End PBXVariantGroup section */

/* Begin XCBuildConfiguration section */
		9B94F0B21E6677230043F091 /* Debug */ = {
			isa = XCBuildConfiguration;
			buildSettings = {
				ALWAYS_SEARCH_USER_PATHS = NO;
				CLANG_ANALYZER_NONNULL = YES;
				CLANG_CXX_LANGUAGE_STANDARD = "gnu++0x";
				CLANG_CXX_LIBRARY = "libc++";
				CLANG_ENABLE_MODULES = YES;
				CLANG_ENABLE_OBJC_ARC = YES;
				CLANG_WARN_BOOL_CONVERSION = YES;
				CLANG_WARN_CONSTANT_CONVERSION = YES;
				CLANG_WARN_DIRECT_OBJC_ISA_USAGE = YES_ERROR;
				CLANG_WARN_DOCUMENTATION_COMMENTS = YES;
				CLANG_WARN_EMPTY_BODY = YES;
				CLANG_WARN_ENUM_CONVERSION = YES;
				CLANG_WARN_INFINITE_RECURSION = YES;
				CLANG_WARN_INT_CONVERSION = YES;
				CLANG_WARN_OBJC_ROOT_CLASS = YES_ERROR;
				CLANG_WARN_SUSPICIOUS_MOVE = YES;
				CLANG_WARN_UNREACHABLE_CODE = YES;
				CLANG_WARN__DUPLICATE_METHOD_MATCH = YES;
				"CODE_SIGN_IDENTITY[sdk=iphoneos*]" = "iPhone Developer";
				COPY_PHASE_STRIP = NO;
				DEBUG_INFORMATION_FORMAT = dwarf;
				ENABLE_STRICT_OBJC_MSGSEND = YES;
				ENABLE_TESTABILITY = YES;
				GCC_C_LANGUAGE_STANDARD = gnu99;
				GCC_DYNAMIC_NO_PIC = NO;
				GCC_NO_COMMON_BLOCKS = YES;
				GCC_OPTIMIZATION_LEVEL = 0;
				GCC_PREPROCESSOR_DEFINITIONS = (
					"DEBUG=1",
					"$(inherited)",
				);
				GCC_WARN_64_TO_32_BIT_CONVERSION = YES;
				GCC_WARN_ABOUT_RETURN_TYPE = YES_ERROR;
				GCC_WARN_UNDECLARED_SELECTOR = YES;
				GCC_WARN_UNINITIALIZED_AUTOS = YES_AGGRESSIVE;
				GCC_WARN_UNUSED_FUNCTION = YES;
				GCC_WARN_UNUSED_VARIABLE = YES;
				IPHONEOS_DEPLOYMENT_TARGET = 10.2;
				MTL_ENABLE_DEBUG_INFO = YES;
				ONLY_ACTIVE_ARCH = YES;
				SDKROOT = iphoneos;
				TARGETED_DEVICE_FAMILY = "1,2";
			};
			name = Debug;
		};
		9B94F0B31E6677230043F091 /* Release */ = {
			isa = XCBuildConfiguration;
			buildSettings = {
				ALWAYS_SEARCH_USER_PATHS = NO;
				CLANG_ANALYZER_NONNULL = YES;
				CLANG_CXX_LANGUAGE_STANDARD = "gnu++0x";
				CLANG_CXX_LIBRARY = "libc++";
				CLANG_ENABLE_MODULES = YES;
				CLANG_ENABLE_OBJC_ARC = YES;
				CLANG_WARN_BOOL_CONVERSION = YES;
				CLANG_WARN_CONSTANT_CONVERSION = YES;
				CLANG_WARN_DIRECT_OBJC_ISA_USAGE = YES_ERROR;
				CLANG_WARN_DOCUMENTATION_COMMENTS = YES;
				CLANG_WARN_EMPTY_BODY = YES;
				CLANG_WARN_ENUM_CONVERSION = YES;
				CLANG_WARN_INFINITE_RECURSION = YES;
				CLANG_WARN_INT_CONVERSION = YES;
				CLANG_WARN_OBJC_ROOT_CLASS = YES_ERROR;
				CLANG_WARN_SUSPICIOUS_MOVE = YES;
				CLANG_WARN_UNREACHABLE_CODE = YES;
				CLANG_WARN__DUPLICATE_METHOD_MATCH = YES;
				"CODE_SIGN_IDENTITY[sdk=iphoneos*]" = "iPhone Developer";
				COPY_PHASE_STRIP = NO;
				DEBUG_INFORMATION_FORMAT = "dwarf-with-dsym";
				ENABLE_NS_ASSERTIONS = NO;
				ENABLE_STRICT_OBJC_MSGSEND = YES;
				GCC_C_LANGUAGE_STANDARD = gnu99;
				GCC_NO_COMMON_BLOCKS = YES;
				GCC_WARN_64_TO_32_BIT_CONVERSION = YES;
				GCC_WARN_ABOUT_RETURN_TYPE = YES_ERROR;
				GCC_WARN_UNDECLARED_SELECTOR = YES;
				GCC_WARN_UNINITIALIZED_AUTOS = YES_AGGRESSIVE;
				GCC_WARN_UNUSED_FUNCTION = YES;
				GCC_WARN_UNUSED_VARIABLE = YES;
				IPHONEOS_DEPLOYMENT_TARGET = 10.2;
				MTL_ENABLE_DEBUG_INFO = NO;
				SDKROOT = iphoneos;
				TARGETED_DEVICE_FAMILY = "1,2";
				VALIDATE_PRODUCT = YES;
			};
			name = Release;
		};
		9B94F0B51E6677230043F091 /* Debug */ = {
			isa = XCBuildConfiguration;
			buildSettings = {
				ASSETCATALOG_COMPILER_APPICON_NAME = AppIcon;
				DEVELOPMENT_TEAM = 7G496US846;
				INFOPLIST_FILE = performanceTest/Info.plist;
				LD_RUNPATH_SEARCH_PATHS = "$(inherited) @executable_path/Frameworks";
				PRODUCT_BUNDLE_IDENTIFIER = com.handlecar.performanceTest;
				PRODUCT_NAME = "$(TARGET_NAME)";
			};
			name = Debug;
		};
		9B94F0B61E6677230043F091 /* Release */ = {
			isa = XCBuildConfiguration;
			buildSettings = {
				ASSETCATALOG_COMPILER_APPICON_NAME = AppIcon;
				DEVELOPMENT_TEAM = 7G496US846;
				INFOPLIST_FILE = performanceTest/Info.plist;
				LD_RUNPATH_SEARCH_PATHS = "$(inherited) @executable_path/Frameworks";
				PRODUCT_BUNDLE_IDENTIFIER = com.handlecar.performanceTest;
				PRODUCT_NAME = "$(TARGET_NAME)";
			};
			name = Release;
		};
		9B94F0B81E6677230043F091 /* Debug */ = {
			isa = XCBuildConfiguration;
			buildSettings = {
				BUNDLE_LOADER = "$(TEST_HOST)";
				DEVELOPMENT_TEAM = 7G496US846;
				INFOPLIST_FILE = performanceTestTests/Info.plist;
				LD_RUNPATH_SEARCH_PATHS = "$(inherited) @executable_path/Frameworks @loader_path/Frameworks";
				PRODUCT_BUNDLE_IDENTIFIER = com.handlecar.performanceTestTests;
				PRODUCT_NAME = "$(TARGET_NAME)";
				TEST_HOST = "$(BUILT_PRODUCTS_DIR)/performanceTest.app/performanceTest";
			};
			name = Debug;
		};
		9B94F0B91E6677230043F091 /* Release */ = {
			isa = XCBuildConfiguration;
			buildSettings = {
				BUNDLE_LOADER = "$(TEST_HOST)";
				DEVELOPMENT_TEAM = 7G496US846;
				INFOPLIST_FILE = performanceTestTests/Info.plist;
				LD_RUNPATH_SEARCH_PATHS = "$(inherited) @executable_path/Frameworks @loader_path/Frameworks";
				PRODUCT_BUNDLE_IDENTIFIER = com.handlecar.performanceTestTests;
				PRODUCT_NAME = "$(TARGET_NAME)";
				TEST_HOST = "$(BUILT_PRODUCTS_DIR)/performanceTest.app/performanceTest";
			};
			name = Release;
		};
		9B94F0BB1E6677230043F091 /* Debug */ = {
			isa = XCBuildConfiguration;
			buildSettings = {
				DEVELOPMENT_TEAM = 7G496US846;
				INFOPLIST_FILE = performanceTestUITests/Info.plist;
				LD_RUNPATH_SEARCH_PATHS = "$(inherited) @executable_path/Frameworks @loader_path/Frameworks";
				PRODUCT_BUNDLE_IDENTIFIER = com.handlecar.performanceTestUITests;
				PRODUCT_NAME = "$(TARGET_NAME)";
				TEST_TARGET_NAME = performanceTest;
			};
			name = Debug;
		};
		9B94F0BC1E6677230043F091 /* Release */ = {
			isa = XCBuildConfiguration;
			buildSettings = {
				DEVELOPMENT_TEAM = 7G496US846;
				INFOPLIST_FILE = performanceTestUITests/Info.plist;
				LD_RUNPATH_SEARCH_PATHS = "$(inherited) @executable_path/Frameworks @loader_path/Frameworks";
				PRODUCT_BUNDLE_IDENTIFIER = com.handlecar.performanceTestUITests;
				PRODUCT_NAME = "$(TARGET_NAME)";
				TEST_TARGET_NAME = performanceTest;
			};
			name = Release;
		};
/* End XCBuildConfiguration section */

/* Begin XCConfigurationList section */
		9B94F0821E6677220043F091 /* Build configuration list for PBXProject "performanceTest" */ = {
			isa = XCConfigurationList;
			buildConfigurations = (
				9B94F0B21E6677230043F091 /* Debug */,
				9B94F0B31E6677230043F091 /* Release */,
			);
			defaultConfigurationIsVisible = 0;
			defaultConfigurationName = Release;
		};
		9B94F0B41E6677230043F091 /* Build configuration list for PBXNativeTarget "performanceTest" */ = {
			isa = XCConfigurationList;
			buildConfigurations = (
				9B94F0B51E6677230043F091 /* Debug */,
				9B94F0B61E6677230043F091 /* Release */,
			);
			defaultConfigurationIsVisible = 0;
		};
		9B94F0B71E6677230043F091 /* Build configuration list for PBXNativeTarget "performanceTestTests" */ = {
			isa = XCConfigurationList;
			buildConfigurations = (
				9B94F0B81E6677230043F091 /* Debug */,
				9B94F0B91E6677230043F091 /* Release */,
			);
			defaultConfigurationIsVisible = 0;
		};
		9B94F0BA1E6677230043F091 /* Build configuration list for PBXNativeTarget "performanceTestUITests" */ = {
			isa = XCConfigurationList;
			buildConfigurations = (
				9B94F0BB1E6677230043F091 /* Debug */,
				9B94F0BC1E6677230043F091 /* Release */,
			);
			defaultConfigurationIsVisible = 0;
		};
/* End XCConfigurationList section */
	};
	rootObject = 9B94F07F1E6677220043F091 /* Project object */;
}
